
Microsoft Visual Studio Solution File, Format Version 12.00
# Visual Studio Version 16
VisualStudioVersion = 16.0.29215.179
MinimumVisualStudioVersion = 10.0.40219.1
Project("{9A19103F-16F7-4668-BE54-9A1E7A4F7556}") = "CustomCollection", "test\CustomCollection.csproj", "{4187BF51-0BF6-409C-A00C-D4AF01DD1FF5}"
EndProject
Global
	GlobalSection(SolutionConfigurationPlatforms) = preSolution
		Debug|Any CPU = Debug|Any CPU
		Release|Any CPU = Release|Any CPU
	EndGlobalSection
	GlobalSection(ProjectConfigurationPlatforms) = postSolution
		{4187BF51-0BF6-409C-A00C-D4AF01DD1FF5}.Debug|Any CPU.ActiveCfg = Debug|Any CPU
		{4187BF51-0BF6-409C-A00C-D4AF01DD1FF5}.Debug|Any CPU.Build.0 = Debug|Any CPU
		{4187BF51-0BF6-409C-A00C-D4AF01DD1FF5}.Release|Any CPU.ActiveCfg = Release|Any CPU
		{4187BF51-0BF6-409C-A00C-D4AF01DD1FF5}.Release|Any CPU.Build.0 = Release|Any CPU
	EndGlobalSection
	GlobalSection(SolutionProperties) = preSolution
		HideSolutionNode = FALSE
	EndGlobalSection
	GlobalSection(ExtensibilityGlobals) = postSolution
		SolutionGuid = {8A9D3220-DF19-44FB-93DC-318FADAA8CD3}
	EndGlobalSection
EndGlobal
